
Microsoft Visual Studio Solution File, Format Version 12.00
# Visual Studio Version 16
VisualStudioVersion = 16.0.30225.117
MinimumVisualStudioVersion = 10.0.40219.1
Project("{FAE04EC0-301F-11D3-BF4B-00C04F79EFBC}") = "DZ_Kurs_C_3.11", "DZ_Kurs_C_3.11\DZ_Kurs_C_3.11.csproj", "{8037387E-E3C9-4916-9826-BD614AAA89DB}"
EndProject
Global
	GlobalSection(SolutionConfigurationPlatforms) = preSolution
		Debug|Any CPU = Debug|Any CPU
		Release|Any CPU = Release|Any CPU
	EndGlobalSection
	GlobalSection(ProjectConfigurationPlatforms) = postSolution
		{8037387E-E3C9-4916-9826-BD614AAA89DB}.Debug|Any CPU.ActiveCfg = Debug|Any CPU
		{8037387E-E3C9-4916-9826-BD614AAA89DB}.Debug|Any CPU.Build.0 = Debug|Any CPU
		{8037387E-E3C9-4916-9826-BD614AAA89DB}.Release|Any CPU.ActiveCfg = Release|Any CPU
		{8037387E-E3C9-4916-9826-BD614AAA89DB}.Release|Any CPU.Build.0 = Release|Any CPU
	EndGlobalSection
	GlobalSection(SolutionProperties) = preSolution
		HideSolutionNode = FALSE
	EndGlobalSection
	GlobalSection(ExtensibilityGlobals) = postSolution
		SolutionGuid = {2F72B9A1-BE1E-4F53-B162-112C4E687B81}
	EndGlobalSection
EndGlobal
