
Microsoft Visual Studio Solution File, Format Version 12.00
# Visual Studio Version 16
VisualStudioVersion = 16.0.29519.181
MinimumVisualStudioVersion = 10.0.40219.1
Project("{FAE04EC0-301F-11D3-BF4B-00C04F79EFBC}") = "DZ 1.7", "DZ 1.7\DZ 1.7.csproj", "{1941084D-B0FB-419B-B5C6-15E41AC6339F}"
EndProject
Global
	GlobalSection(SolutionConfigurationPlatforms) = preSolution
		Debug|Any CPU = Debug|Any CPU
		Release|Any CPU = Release|Any CPU
	EndGlobalSection
	GlobalSection(ProjectConfigurationPlatforms) = postSolution
		{1941084D-B0FB-419B-B5C6-15E41AC6339F}.Debug|Any CPU.ActiveCfg = Debug|Any CPU
		{1941084D-B0FB-419B-B5C6-15E41AC6339F}.Debug|Any CPU.Build.0 = Debug|Any CPU
		{1941084D-B0FB-419B-B5C6-15E41AC6339F}.Release|Any CPU.ActiveCfg = Release|Any CPU
		{1941084D-B0FB-419B-B5C6-15E41AC6339F}.Release|Any CPU.Build.0 = Release|Any CPU
	EndGlobalSection
	GlobalSection(SolutionProperties) = preSolution
		HideSolutionNode = FALSE
	EndGlobalSection
	GlobalSection(ExtensibilityGlobals) = postSolution
		SolutionGuid = {8D8D9C9B-0403-49C3-84B1-3F01B3503B27}
	EndGlobalSection
EndGlobal
