
Microsoft Visual Studio Solution File, Format Version 12.00
# Visual Studio Version 16
VisualStudioVersion = 16.0.30225.117
MinimumVisualStudioVersion = 10.0.40219.1
Project("{FAE04EC0-301F-11D3-BF4B-00C04F79EFBC}") = "DZ 280.5", "DZ 280.5\DZ 280.5.csproj", "{0313DE65-09DC-42FE-8F68-0057B3D1D550}"
EndProject
Global
	GlobalSection(SolutionConfigurationPlatforms) = preSolution
		Debug|Any CPU = Debug|Any CPU
		Release|Any CPU = Release|Any CPU
	EndGlobalSection
	GlobalSection(ProjectConfigurationPlatforms) = postSolution
		{0313DE65-09DC-42FE-8F68-0057B3D1D550}.Debug|Any CPU.ActiveCfg = Debug|Any CPU
		{0313DE65-09DC-42FE-8F68-0057B3D1D550}.Debug|Any CPU.Build.0 = Debug|Any CPU
		{0313DE65-09DC-42FE-8F68-0057B3D1D550}.Release|Any CPU.ActiveCfg = Release|Any CPU
		{0313DE65-09DC-42FE-8F68-0057B3D1D550}.Release|Any CPU.Build.0 = Release|Any CPU
	EndGlobalSection
	GlobalSection(SolutionProperties) = preSolution
		HideSolutionNode = FALSE
	EndGlobalSection
	GlobalSection(ExtensibilityGlobals) = postSolution
		SolutionGuid = {24322B28-92EE-4124-9AA2-B32B52203438}
	EndGlobalSection
EndGlobal
