
Microsoft Visual Studio Solution File, Format Version 12.00
# Visual Studio Version 16
VisualStudioVersion = 16.0.29519.181
MinimumVisualStudioVersion = 10.0.40219.1
Project("{FAE04EC0-301F-11D3-BF4B-00C04F79EFBC}") = "DZ 168.1", "DZ 168.1\DZ 168.1.csproj", "{A721DF9B-570D-4C0E-AA01-223D7B9DFE6E}"
EndProject
Global
	GlobalSection(SolutionConfigurationPlatforms) = preSolution
		Debug|Any CPU = Debug|Any CPU
		Release|Any CPU = Release|Any CPU
	EndGlobalSection
	GlobalSection(ProjectConfigurationPlatforms) = postSolution
		{A721DF9B-570D-4C0E-AA01-223D7B9DFE6E}.Debug|Any CPU.ActiveCfg = Debug|Any CPU
		{A721DF9B-570D-4C0E-AA01-223D7B9DFE6E}.Debug|Any CPU.Build.0 = Debug|Any CPU
		{A721DF9B-570D-4C0E-AA01-223D7B9DFE6E}.Release|Any CPU.ActiveCfg = Release|Any CPU
		{A721DF9B-570D-4C0E-AA01-223D7B9DFE6E}.Release|Any CPU.Build.0 = Release|Any CPU
	EndGlobalSection
	GlobalSection(SolutionProperties) = preSolution
		HideSolutionNode = FALSE
	EndGlobalSection
	GlobalSection(ExtensibilityGlobals) = postSolution
		SolutionGuid = {DFB58387-193B-4CB2-8A80-6A12DF43A57E}
	EndGlobalSection
EndGlobal
