
Microsoft Visual Studio Solution File, Format Version 12.00
# Visual Studio Version 16
VisualStudioVersion = 16.0.29519.181
MinimumVisualStudioVersion = 10.0.40219.1
Project("{FAE04EC0-301F-11D3-BF4B-00C04F79EFBC}") = "DZ1.10", "DZ1.10\DZ1.10.csproj", "{36F1A096-0E21-473C-942C-01CB2F201E10}"
EndProject
Global
	GlobalSection(SolutionConfigurationPlatforms) = preSolution
		Debug|Any CPU = Debug|Any CPU
		Release|Any CPU = Release|Any CPU
	EndGlobalSection
	GlobalSection(ProjectConfigurationPlatforms) = postSolution
		{36F1A096-0E21-473C-942C-01CB2F201E10}.Debug|Any CPU.ActiveCfg = Debug|Any CPU
		{36F1A096-0E21-473C-942C-01CB2F201E10}.Debug|Any CPU.Build.0 = Debug|Any CPU
		{36F1A096-0E21-473C-942C-01CB2F201E10}.Release|Any CPU.ActiveCfg = Release|Any CPU
		{36F1A096-0E21-473C-942C-01CB2F201E10}.Release|Any CPU.Build.0 = Release|Any CPU
	EndGlobalSection
	GlobalSection(SolutionProperties) = preSolution
		HideSolutionNode = FALSE
	EndGlobalSection
	GlobalSection(ExtensibilityGlobals) = postSolution
		SolutionGuid = {4453D891-39F0-4C92-9AF9-34CE87D764A9}
	EndGlobalSection
EndGlobal
